
Microsoft Visual Studio Solution File, Format Version 12.00
# Visual Studio Version 16
VisualStudioVersion = 16.0.31129.286
MinimumVisualStudioVersion = 10.0.40219.1
Project("{8BC9CEB8-8B4A-11D0-8D11-00A0C91BC942}") = "Project1", "Project1.vcxproj", "{CCEAEEEB-68D1-4260-8DAA-A82530161A7C}"
EndProject
Global
	GlobalSection(SolutionConfigurationPlatforms) = preSolution
		Debug|x64 = Debug|x64
		Debug|x86 = Debug|x86
		Release|x64 = Release|x64
		Release|x86 = Release|x86
	EndGlobalSection
	GlobalSection(ProjectConfigurationPlatforms) = postSolution
		{CCEAEEEB-68D1-4260-8DAA-A82530161A7C}.Debug|x64.ActiveCfg = Debug|x64
		{CCEAEEEB-68D1-4260-8DAA-A82530161A7C}.Debug|x64.Build.0 = Debug|x64
		{CCEAEEEB-68D1-4260-8DAA-A82530161A7C}.Debug|x86.ActiveCfg = Debug|Win32
		{CCEAEEEB-68D1-4260-8DAA-A82530161A7C}.Debug|x86.Build.0 = Debug|Win32
		{CCEAEEEB-68D1-4260-8DAA-A82530161A7C}.Release|x64.ActiveCfg = Release|x64
		{CCEAEEEB-68D1-4260-8DAA-A82530161A7C}.Release|x64.Build.0 = Release|x64
		{CCEAEEEB-68D1-4260-8DAA-A82530161A7C}.Release|x86.ActiveCfg = Release|Win32
		{CCEAEEEB-68D1-4260-8DAA-A82530161A7C}.Release|x86.Build.0 = Release|Win32
	EndGlobalSection
	GlobalSection(SolutionProperties) = preSolution
		HideSolutionNode = FALSE
	EndGlobalSection
	GlobalSection(ExtensibilityGlobals) = postSolution
		SolutionGuid = {2A64D1C6-9AE1-4EE3-B0D6-C22E987EEC94}
	EndGlobalSection
EndGlobal
