
Microsoft Visual Studio Solution File, Format Version 12.00
# Visual Studio Version 16
VisualStudioVersion = 16.0.31321.278
MinimumVisualStudioVersion = 10.0.40219.1
Project("{8BC9CEB8-8B4A-11D0-8D11-00A0C91BC942}") = "MFCApplication1", "MFCApplication1.vcxproj", "{CCADDB3C-7DE0-4E1A-93EE-DC9BA5CAE494}"
EndProject
Global
	GlobalSection(SolutionConfigurationPlatforms) = preSolution
		Debug|x64 = Debug|x64
		Debug|x86 = Debug|x86
		Release|x64 = Release|x64
		Release|x86 = Release|x86
	EndGlobalSection
	GlobalSection(ProjectConfigurationPlatforms) = postSolution
		{CCADDB3C-7DE0-4E1A-93EE-DC9BA5CAE494}.Debug|x64.ActiveCfg = Debug|x64
		{CCADDB3C-7DE0-4E1A-93EE-DC9BA5CAE494}.Debug|x64.Build.0 = Debug|x64
		{CCADDB3C-7DE0-4E1A-93EE-DC9BA5CAE494}.Debug|x86.ActiveCfg = Debug|Win32
		{CCADDB3C-7DE0-4E1A-93EE-DC9BA5CAE494}.Debug|x86.Build.0 = Debug|Win32
		{CCADDB3C-7DE0-4E1A-93EE-DC9BA5CAE494}.Release|x64.ActiveCfg = Release|x64
		{CCADDB3C-7DE0-4E1A-93EE-DC9BA5CAE494}.Release|x64.Build.0 = Release|x64
		{CCADDB3C-7DE0-4E1A-93EE-DC9BA5CAE494}.Release|x86.ActiveCfg = Release|Win32
		{CCADDB3C-7DE0-4E1A-93EE-DC9BA5CAE494}.Release|x86.Build.0 = Release|Win32
	EndGlobalSection
	GlobalSection(SolutionProperties) = preSolution
		HideSolutionNode = FALSE
	EndGlobalSection
	GlobalSection(ExtensibilityGlobals) = postSolution
		SolutionGuid = {8DF18A86-8E80-45E5-8217-CEFA24430698}
	EndGlobalSection
EndGlobal
